{
  "name": "time-note",
  "version": "0.0.1",
  "lockfileVersion": 1,
  "dependencies": {
    "normalize-scss": {
      "version": "7.0.1",
      "resolved": "http://registry.npm.taobao.org/normalize-scss/download/normalize-scss-7.0.1.tgz",
      "integrity": "sha1-dEhegrtdBSY3ETZCKgn9uGj/waQ="
    }
  }
}
